
Microsoft Visual Studio Solution File, Format Version 12.00
# Visual Studio Version 17
VisualStudioVersion = 17.12.35707.178 d17.12
MinimumVisualStudioVersion = 10.0.40219.1
Project("{FAE04EC0-301F-11D3-BF4B-00C04F79EFBC}") = "PruebaTecnicaPG", "PruebaTecnicaPG\PruebaTecnicaPG.csproj", "{FFB34704-C110-45CE-959A-ADCE2DC50A41}"
EndProject
Project("{54A90642-561A-4BB1-A94E-469ADEE60C69}") = "PruebaTecnicaPG_app", "PruebaTecnicaPG_app\PruebaTecnicaPG_app.esproj", "{F49EB4B0-75CB-4585-9FEB-403652D0B81D}"
EndProject
Project("{2150E333-8FDC-42A3-9474-1A3956D46DE8}") = "Elementos de la solución", "Elementos de la solución", "{8A05E0A2-0E02-46C6-8ABD-97D52680F126}"
	ProjectSection(SolutionItems) = preProject
		README.md = README.md
	EndProjectSection
EndProject
Global
	GlobalSection(SolutionConfigurationPlatforms) = preSolution
		Debug|Any CPU = Debug|Any CPU
		Release|Any CPU = Release|Any CPU
	EndGlobalSection
	GlobalSection(ProjectConfigurationPlatforms) = postSolution
		{FFB34704-C110-45CE-959A-ADCE2DC50A41}.Debug|Any CPU.ActiveCfg = Debug|Any CPU
		{FFB34704-C110-45CE-959A-ADCE2DC50A41}.Debug|Any CPU.Build.0 = Debug|Any CPU
		{FFB34704-C110-45CE-959A-ADCE2DC50A41}.Release|Any CPU.ActiveCfg = Release|Any CPU
		{FFB34704-C110-45CE-959A-ADCE2DC50A41}.Release|Any CPU.Build.0 = Release|Any CPU
		{F49EB4B0-75CB-4585-9FEB-403652D0B81D}.Debug|Any CPU.ActiveCfg = Debug|Any CPU
		{F49EB4B0-75CB-4585-9FEB-403652D0B81D}.Debug|Any CPU.Build.0 = Debug|Any CPU
		{F49EB4B0-75CB-4585-9FEB-403652D0B81D}.Debug|Any CPU.Deploy.0 = Debug|Any CPU
		{F49EB4B0-75CB-4585-9FEB-403652D0B81D}.Release|Any CPU.ActiveCfg = Release|Any CPU
		{F49EB4B0-75CB-4585-9FEB-403652D0B81D}.Release|Any CPU.Build.0 = Release|Any CPU
		{F49EB4B0-75CB-4585-9FEB-403652D0B81D}.Release|Any CPU.Deploy.0 = Release|Any CPU
	EndGlobalSection
	GlobalSection(SolutionProperties) = preSolution
		HideSolutionNode = FALSE
	EndGlobalSection
EndGlobal
